# THIS IS AN AUTOGENERATED FILE. DO NOT EDIT THIS FILE DIRECTLY.
# yarn lockfile v1


"lodash@http://host.docker.internal:9009/139ce9d6db2dd5807/lodash@4.17.21-aikido.2":
  version "4.17.21-aikido.2"
  resolved "http://host.docker.internal:9009/139ce9d6db2dd5807/lodash@4.17.21-aikido.2#6dd8c104d0226be786fb974e18b58c75360b560c"
